
Microsoft Visual Studio Solution File, Format Version 11.00
# Visual Studio 2010
Project("{2150E333-8FDC-42A3-9474-1A3956D46DE8}") = "SampleFiles", "SampleFiles", "{37E30339-EBA6-4A42-85C8-F6388A0D7B33}"
	ProjectSection(SolutionItems) = preProject
		SampleFiles\Sample1.cs = SampleFiles\Sample1.cs
	EndProjectSection
EndProject
Project("{FAE04EC0-301F-11D3-BF4B-00C04F79EFBC}") = "CompletionSample", "Src\CompletionSample.csproj", "{D5E8C55C-AA74-44ED-8B1F-DC4FD375D32F}"
EndProject
Project("{2150E333-8FDC-42A3-9474-1A3956D46DE8}") = "SolutionFiles", "SolutionFiles", "{B9D5B98A-8BA0-4332-9F94-626A51636AB0}"
	ProjectSection(SolutionItems) = preProject
		readme.md = readme.md
	EndProjectSection
EndProject
Project("{2150E333-8FDC-42A3-9474-1A3956D46DE8}") = "Doc", "Doc", "{6055D402-CC45-4BC8-ADA2-41418A649C7A}"
	ProjectSection(SolutionItems) = preProject
		Doc\copyright.txt = Doc\copyright.txt
		Doc\license.txt = Doc\license.txt
	EndProjectSection
EndProject
Global
	GlobalSection(SolutionConfigurationPlatforms) = preSolution
		Debug|x86 = Debug|x86
		Release|x86 = Release|x86
	EndGlobalSection
	GlobalSection(ProjectConfigurationPlatforms) = postSolution
		{D5E8C55C-AA74-44ED-8B1F-DC4FD375D32F}.Debug|x86.ActiveCfg = Debug|x86
		{D5E8C55C-AA74-44ED-8B1F-DC4FD375D32F}.Debug|x86.Build.0 = Debug|x86
		{D5E8C55C-AA74-44ED-8B1F-DC4FD375D32F}.Release|x86.ActiveCfg = Release|x86
		{D5E8C55C-AA74-44ED-8B1F-DC4FD375D32F}.Release|x86.Build.0 = Release|x86
	EndGlobalSection
	GlobalSection(SolutionProperties) = preSolution
		HideSolutionNode = FALSE
	EndGlobalSection
EndGlobal
